
Microsoft Visual Studio Solution File, Format Version 12.00
# Visual Studio Version 16
VisualStudioVersion = 16.0.31402.337
MinimumVisualStudioVersion = 10.0.40219.1
Project("{FAE04EC0-301F-11D3-BF4B-00C04F79EFBC}") = "HolidayHelper.WebMVC", "HolidayHelper.WebMVC\HolidayHelper.WebMVC.csproj", "{DD8810A1-0100-454D-ACB0-12058D7DA61F}"
EndProject
Project("{FAE04EC0-301F-11D3-BF4B-00C04F79EFBC}") = "HolidayHelper.Data", "HolidayHelper.Data\HolidayHelper.Data.csproj", "{8A5D7F6F-64AE-4F46-BA69-E309E5B6E428}"
EndProject
Project("{FAE04EC0-301F-11D3-BF4B-00C04F79EFBC}") = "HolidayHelper.Models", "HolidayHelper.Models\HolidayHelper.Models.csproj", "{D62D79B4-0A4F-435C-BD37-050AE9EADCBF}"
EndProject
Project("{FAE04EC0-301F-11D3-BF4B-00C04F79EFBC}") = "HolidayHelper.Services", "HolidayHelper.Services\HolidayHelper.Services.csproj", "{AC053D43-A8F1-419B-863B-89117542E69E}"
EndProject
Global
	GlobalSection(SolutionConfigurationPlatforms) = preSolution
		Debug|Any CPU = Debug|Any CPU
		Release|Any CPU = Release|Any CPU
	EndGlobalSection
	GlobalSection(ProjectConfigurationPlatforms) = postSolution
		{DD8810A1-0100-454D-ACB0-12058D7DA61F}.Debug|Any CPU.ActiveCfg = Debug|Any CPU
		{DD8810A1-0100-454D-ACB0-12058D7DA61F}.Debug|Any CPU.Build.0 = Debug|Any CPU
		{DD8810A1-0100-454D-ACB0-12058D7DA61F}.Release|Any CPU.ActiveCfg = Release|Any CPU
		{DD8810A1-0100-454D-ACB0-12058D7DA61F}.Release|Any CPU.Build.0 = Release|Any CPU
		{8A5D7F6F-64AE-4F46-BA69-E309E5B6E428}.Debug|Any CPU.ActiveCfg = Debug|Any CPU
		{8A5D7F6F-64AE-4F46-BA69-E309E5B6E428}.Debug|Any CPU.Build.0 = Debug|Any CPU
		{8A5D7F6F-64AE-4F46-BA69-E309E5B6E428}.Release|Any CPU.ActiveCfg = Release|Any CPU
		{8A5D7F6F-64AE-4F46-BA69-E309E5B6E428}.Release|Any CPU.Build.0 = Release|Any CPU
		{D62D79B4-0A4F-435C-BD37-050AE9EADCBF}.Debug|Any CPU.ActiveCfg = Debug|Any CPU
		{D62D79B4-0A4F-435C-BD37-050AE9EADCBF}.Debug|Any CPU.Build.0 = Debug|Any CPU
		{D62D79B4-0A4F-435C-BD37-050AE9EADCBF}.Release|Any CPU.ActiveCfg = Release|Any CPU
		{D62D79B4-0A4F-435C-BD37-050AE9EADCBF}.Release|Any CPU.Build.0 = Release|Any CPU
		{AC053D43-A8F1-419B-863B-89117542E69E}.Debug|Any CPU.ActiveCfg = Debug|Any CPU
		{AC053D43-A8F1-419B-863B-89117542E69E}.Debug|Any CPU.Build.0 = Debug|Any CPU
		{AC053D43-A8F1-419B-863B-89117542E69E}.Release|Any CPU.ActiveCfg = Release|Any CPU
		{AC053D43-A8F1-419B-863B-89117542E69E}.Release|Any CPU.Build.0 = Release|Any CPU
	EndGlobalSection
	GlobalSection(SolutionProperties) = preSolution
		HideSolutionNode = FALSE
	EndGlobalSection
	GlobalSection(ExtensibilityGlobals) = postSolution
		SolutionGuid = {039F1F1F-92D0-45C6-A794-FA7CADC29428}
	EndGlobalSection
EndGlobal
